
Microsoft Visual Studio Solution File, Format Version 12.00
# Visual Studio 2013
VisualStudioVersion = 12.0.30501.0
MinimumVisualStudioVersion = 10.0.40219.1
Project("{8BC9CEB8-8B4A-11D0-8D11-00A0C91BC942}") = "CeguiInject", "CeguiInject\CeguiInject.vcxproj", "{B12702AD-ABFB-343A-A199-8E24837244A3}"
	ProjectSection(ProjectDependencies) = postProject
		{9D084B8A-293D-4F7A-A67E-F6427EE01A81} = {9D084B8A-293D-4F7A-A67E-F6427EE01A81}
	EndProjectSection
EndProject
Project("{8BC9CEB8-8B4A-11D0-8D11-00A0C91BC942}") = "D3D8_CEGUI", "D3D8_CEGUI\D3D8_CEGUI.vcxproj", "{9D084B8A-293D-4F7A-A67E-F6427EE01A81}"
EndProject
Project("{8BC9CEB8-8B4A-11D0-8D11-00A0C91BC942}") = "D3D9_CEGUI", "D3D9_CEGUI\D3D9_CEGUI.vcxproj", "{836503A3-41CE-4BD5-9C72-0242B8D69128}"
EndProject
Global
	GlobalSection(SolutionConfigurationPlatforms) = preSolution
		Debug|Win32 = Debug|Win32
		MinSizeRel|Win32 = MinSizeRel|Win32
		Release|Win32 = Release|Win32
		RelWithDebInfo|Win32 = RelWithDebInfo|Win32
	EndGlobalSection
	GlobalSection(ProjectConfigurationPlatforms) = postSolution
		{B12702AD-ABFB-343A-A199-8E24837244A3}.Debug|Win32.ActiveCfg = Debug|Win32
		{B12702AD-ABFB-343A-A199-8E24837244A3}.Debug|Win32.Build.0 = Debug|Win32
		{B12702AD-ABFB-343A-A199-8E24837244A3}.MinSizeRel|Win32.ActiveCfg = Release|Win32
		{B12702AD-ABFB-343A-A199-8E24837244A3}.MinSizeRel|Win32.Build.0 = Release|Win32
		{B12702AD-ABFB-343A-A199-8E24837244A3}.Release|Win32.ActiveCfg = Release|Win32
		{B12702AD-ABFB-343A-A199-8E24837244A3}.Release|Win32.Build.0 = Release|Win32
		{B12702AD-ABFB-343A-A199-8E24837244A3}.RelWithDebInfo|Win32.ActiveCfg = Release|Win32
		{B12702AD-ABFB-343A-A199-8E24837244A3}.RelWithDebInfo|Win32.Build.0 = Release|Win32
		{9D084B8A-293D-4F7A-A67E-F6427EE01A81}.Debug|Win32.ActiveCfg = Debug|Win32
		{9D084B8A-293D-4F7A-A67E-F6427EE01A81}.Debug|Win32.Build.0 = Debug|Win32
		{9D084B8A-293D-4F7A-A67E-F6427EE01A81}.MinSizeRel|Win32.ActiveCfg = Release|Win32
		{9D084B8A-293D-4F7A-A67E-F6427EE01A81}.MinSizeRel|Win32.Build.0 = Release|Win32
		{9D084B8A-293D-4F7A-A67E-F6427EE01A81}.Release|Win32.ActiveCfg = Release|Win32
		{9D084B8A-293D-4F7A-A67E-F6427EE01A81}.Release|Win32.Build.0 = Release|Win32
		{9D084B8A-293D-4F7A-A67E-F6427EE01A81}.RelWithDebInfo|Win32.ActiveCfg = Release|Win32
		{9D084B8A-293D-4F7A-A67E-F6427EE01A81}.RelWithDebInfo|Win32.Build.0 = Release|Win32
		{836503A3-41CE-4BD5-9C72-0242B8D69128}.Debug|Win32.ActiveCfg = Debug|Win32
		{836503A3-41CE-4BD5-9C72-0242B8D69128}.Debug|Win32.Build.0 = Debug|Win32
		{836503A3-41CE-4BD5-9C72-0242B8D69128}.MinSizeRel|Win32.ActiveCfg = Release|Win32
		{836503A3-41CE-4BD5-9C72-0242B8D69128}.MinSizeRel|Win32.Build.0 = Release|Win32
		{836503A3-41CE-4BD5-9C72-0242B8D69128}.Release|Win32.ActiveCfg = Release|Win32
		{836503A3-41CE-4BD5-9C72-0242B8D69128}.Release|Win32.Build.0 = Release|Win32
		{836503A3-41CE-4BD5-9C72-0242B8D69128}.RelWithDebInfo|Win32.ActiveCfg = Release|Win32
		{836503A3-41CE-4BD5-9C72-0242B8D69128}.RelWithDebInfo|Win32.Build.0 = Release|Win32
	EndGlobalSection
	GlobalSection(SolutionProperties) = preSolution
		HideSolutionNode = FALSE
	EndGlobalSection
EndGlobal
