<?xml version="1.0" encoding="utf-8"?>
<Project ToolsVersion="4.0" xmlns="http://schemas.microsoft.com/developer/msbuild/2003">
  <ItemGroup>
    <Filter Include="源文件">
      <UniqueIdentifier>{4FC737F1-C7A5-4376-A066-2A32D752A2FF}</UniqueIdentifier>
      <Extensions>cpp;c;cc;cxx;def;odl;idl;hpj;bat;asm;asmx</Extensions>
    </Filter>
    <Filter Include="头文件">
      <UniqueIdentifier>{93995380-89BD-4b04-88EB-625FBE52EBFB}</UniqueIdentifier>
      <Extensions>h;hh;hpp;hxx;hm;inl;inc;xsd</Extensions>
    </Filter>
    <Filter Include="资源文件">
      <UniqueIdentifier>{67DA6AB6-F800-4c08-8B7A-83BB121AAD01}</UniqueIdentifier>
      <Extensions>rc;ico;cur;bmp;dlg;rc2;rct;bin;rgs;gif;jpg;jpeg;jpe;resx;tiff;tif;png;wav;mfcribbon-ms</Extensions>
    </Filter>
    <Filter Include="Cegui">
      <UniqueIdentifier>{95822ae4-f924-4c0c-94eb-f5b153a8c426}</UniqueIdentifier>
    </Filter>
    <Filter Include="Common">
      <UniqueIdentifier>{9cd16c8b-7a2a-4239-b76b-7d3d8df2c6be}</UniqueIdentifier>
    </Filter>
    <Filter Include="怪物猎人">
      <UniqueIdentifier>{1d235a75-2a56-49a6-930c-987ade0d5720}</UniqueIdentifier>
    </Filter>
    <Filter Include="Cegui\d3d9_c">
      <UniqueIdentifier>{943cb90e-8061-49f2-a2d1-2d521caa43a7}</UniqueIdentifier>
    </Filter>
    <Filter Include="Cegui\d3d9_h">
      <UniqueIdentifier>{a30c5734-8a1e-4336-8d99-50ff1f227d97}</UniqueIdentifier>
    </Filter>
    <Filter Include="Cegui\Game">
      <UniqueIdentifier>{7d7fb255-bc1d-422d-b510-fd1ee9517b9f}</UniqueIdentifier>
    </Filter>
    <Filter Include="Lua">
      <UniqueIdentifier>{2e0fb408-fbe0-4c0f-8197-bc2111d9493e}</UniqueIdentifier>
    </Filter>
  </ItemGroup>
  <ItemGroup>
    <Text Include="ReadMe.txt" />
  </ItemGroup>
  <ItemGroup>
    <ClCompile Include="Martin.cpp">
      <Filter>Common</Filter>
    </ClCompile>
    <ClCompile Include="main.cpp">
      <Filter>源文件</Filter>
    </ClCompile>
    <ClCompile Include="Quest.cpp">
      <Filter>怪物猎人</Filter>
    </ClCompile>
    <ClCompile Include="d3d9dev.cpp">
      <Filter>Cegui\d3d9_c</Filter>
    </ClCompile>
    <ClCompile Include="d3d9int.cpp">
      <Filter>Cegui\d3d9_c</Filter>
    </ClCompile>
    <ClCompile Include="d3d9tex.cpp">
      <Filter>Cegui\d3d9_c</Filter>
    </ClCompile>
    <ClCompile Include="d3d9.cpp">
      <Filter>Cegui</Filter>
    </ClCompile>
    <ClCompile Include="Game.cpp">
      <Filter>Cegui\Game</Filter>
    </ClCompile>
    <ClCompile Include="LuaAPI.cpp">
      <Filter>Lua</Filter>
    </ClCompile>
    <ClCompile Include="GlobalVariable.cpp">
      <Filter>Common</Filter>
    </ClCompile>
    <ClCompile Include="Role.cpp">
      <Filter>怪物猎人</Filter>
    </ClCompile>
    <ClCompile Include="NearObject.cpp">
      <Filter>怪物猎人</Filter>
    </ClCompile>
    <ClCompile Include="BrushZones.cpp">
      <Filter>怪物猎人</Filter>
    </ClCompile>
    <ClCompile Include="GameHOOK.cpp">
      <Filter>Common</Filter>
    </ClCompile>
    <ClCompile Include="Material.cpp">
      <Filter>怪物猎人</Filter>
    </ClCompile>
    <ClCompile Include="Interface.cpp">
      <Filter>Cegui\Game</Filter>
    </ClCompile>
    <ClCompile Include="Bag.cpp">
      <Filter>怪物猎人</Filter>
    </ClCompile>
    <ClCompile Include="Supply.cpp">
      <Filter>怪物猎人</Filter>
    </ClCompile>
    <ClCompile Include="Equipment.cpp">
      <Filter>怪物猎人</Filter>
    </ClCompile>
    <ClCompile Include="Warehouse.cpp">
      <Filter>怪物猎人</Filter>
    </ClCompile>
    <ClCompile Include="Manor.cpp">
      <Filter>怪物猎人</Filter>
    </ClCompile>
    <ClCompile Include="My_Ini.cpp">
      <Filter>Common</Filter>
    </ClCompile>
  </ItemGroup>
  <ItemGroup>
    <ClInclude Include="Martin.h">
      <Filter>Common</Filter>
    </ClInclude>
    <ClInclude Include="d3d9.h">
      <Filter>Cegui</Filter>
    </ClInclude>
    <ClInclude Include="main.h">
      <Filter>头文件</Filter>
    </ClInclude>
    <ClInclude Include="Quest.h">
      <Filter>怪物猎人</Filter>
    </ClInclude>
    <ClInclude Include="d3d9dev.h">
      <Filter>Cegui\d3d9_h</Filter>
    </ClInclude>
    <ClInclude Include="d3d9int.h">
      <Filter>Cegui\d3d9_h</Filter>
    </ClInclude>
    <ClInclude Include="d3d9tex.h">
      <Filter>Cegui\d3d9_h</Filter>
    </ClInclude>
    <ClInclude Include="Game.h">
      <Filter>Cegui\Game</Filter>
    </ClInclude>
    <ClInclude Include="CLua.h">
      <Filter>Lua</Filter>
    </ClInclude>
    <ClInclude Include="LuaAPI.h">
      <Filter>Lua</Filter>
    </ClInclude>
    <ClInclude Include="Base.h">
      <Filter>Common</Filter>
    </ClInclude>
    <ClInclude Include="DataType.h">
      <Filter>Common</Filter>
    </ClInclude>
    <ClInclude Include="DefMessage.h">
      <Filter>Common</Filter>
    </ClInclude>
    <ClInclude Include="GlobalVariable.h">
      <Filter>Common</Filter>
    </ClInclude>
    <ClInclude Include="Role.h">
      <Filter>怪物猎人</Filter>
    </ClInclude>
    <ClInclude Include="NearObject.h">
      <Filter>怪物猎人</Filter>
    </ClInclude>
    <ClInclude Include="BrushZones.h">
      <Filter>怪物猎人</Filter>
    </ClInclude>
    <ClInclude Include="GameHOOK.h">
      <Filter>Common</Filter>
    </ClInclude>
    <ClInclude Include="Material.h">
      <Filter>怪物猎人</Filter>
    </ClInclude>
    <ClInclude Include="Interface.h">
      <Filter>Cegui\Game</Filter>
    </ClInclude>
    <ClInclude Include="Bag.h">
      <Filter>怪物猎人</Filter>
    </ClInclude>
    <ClInclude Include="Supply.h">
      <Filter>怪物猎人</Filter>
    </ClInclude>
    <ClInclude Include="Equipment.h">
      <Filter>怪物猎人</Filter>
    </ClInclude>
    <ClInclude Include="Warehouse.h">
      <Filter>怪物猎人</Filter>
    </ClInclude>
    <ClInclude Include="Manor.h">
      <Filter>怪物猎人</Filter>
    </ClInclude>
    <ClInclude Include="My_Ini.h">
      <Filter>Common</Filter>
    </ClInclude>
  </ItemGroup>
  <ItemGroup>
    <None Include="Martin.inl">
      <Filter>Common</Filter>
    </None>
  </ItemGroup>
</Project>