<?xml version="1.0" encoding="utf-8"?>
<Project ToolsVersion="4.0" xmlns="http://schemas.microsoft.com/developer/msbuild/2003">
  <ItemGroup>
    <Filter Include="Source Files">
      <UniqueIdentifier>{4FC737F1-C7A5-4376-A066-2A32D752A2FF}</UniqueIdentifier>
      <Extensions>cpp;cxx;c;def</Extensions>
    </Filter>
    <Filter Include="Header Files">
      <UniqueIdentifier>{93995380-89BD-4b04-88EB-625FBE52EBFB}</UniqueIdentifier>
      <Extensions>h</Extensions>
    </Filter>
    <Filter Include="Form Files">
      <UniqueIdentifier>{99349809-55BA-4b9d-BF79-8FDBB0286EB3}</UniqueIdentifier>
      <Extensions>ui</Extensions>
    </Filter>
    <Filter Include="Resource Files">
      <UniqueIdentifier>{D9D6E242-F8AF-46E4-B9FD-80ECBC20BA3E}</UniqueIdentifier>
      <Extensions>qrc;*</Extensions>
      <ParseFiles>false</ParseFiles>
    </Filter>
    <Filter Include="Generated Files">
      <UniqueIdentifier>{71ED8ED8-ACB9-4CE9-BBE1-E00B30144E11}</UniqueIdentifier>
      <Extensions>moc;h;cpp</Extensions>
      <SourceControlFiles>False</SourceControlFiles>
    </Filter>
    <Filter Include="Generated Files\Debug">
      <UniqueIdentifier>{a3688eb6-2968-4606-b34a-262e5e269466}</UniqueIdentifier>
      <Extensions>cpp;moc</Extensions>
      <SourceControlFiles>False</SourceControlFiles>
    </Filter>
    <Filter Include="Generated Files\Release">
      <UniqueIdentifier>{0ce033b4-97b7-4041-b838-5d00d4ed8afa}</UniqueIdentifier>
      <Extensions>cpp;moc</Extensions>
      <SourceControlFiles>False</SourceControlFiles>
    </Filter>
    <Filter Include="Source Files\forcelib">
      <UniqueIdentifier>{724fcb70-bf40-4e96-b195-80661a0401c7}</UniqueIdentifier>
    </Filter>
    <Filter Include="INI">
      <UniqueIdentifier>{5efe73ef-0b9f-421f-9024-dc403b97af90}</UniqueIdentifier>
    </Filter>
  </ItemGroup>
  <ItemGroup>
    <ClCompile Include="main.cpp">
      <Filter>Source Files</Filter>
    </ClCompile>
    <ClCompile Include="ceguiinject.cpp">
      <Filter>Source Files</Filter>
    </ClCompile>
    <ClCompile Include="GeneratedFiles\Debug\moc_ceguiinject.cpp">
      <Filter>Generated Files\Debug</Filter>
    </ClCompile>
    <ClCompile Include="GeneratedFiles\Release\moc_ceguiinject.cpp">
      <Filter>Generated Files\Release</Filter>
    </ClCompile>
    <ClCompile Include="GeneratedFiles\qrc_ceguiinject.cpp">
      <Filter>Generated Files</Filter>
    </ClCompile>
    <ClCompile Include="forcelib\ForceLibrary.cpp">
      <Filter>Source Files\forcelib</Filter>
    </ClCompile>
    <ClCompile Include="forcelib\TH32.cpp">
      <Filter>Source Files\forcelib</Filter>
    </ClCompile>
    <ClCompile Include="My_Ini.cpp">
      <Filter>INI</Filter>
    </ClCompile>
    <ClCompile Include="cqvip.cpp">
      <Filter>Source Files</Filter>
    </ClCompile>
    <ClCompile Include="GeneratedFiles\Debug\moc_cqvip.cpp">
      <Filter>Generated Files\Debug</Filter>
    </ClCompile>
    <ClCompile Include="GeneratedFiles\Release\moc_cqvip.cpp">
      <Filter>Generated Files\Release</Filter>
    </ClCompile>
    <ClCompile Include="ksreglib.cpp">
      <Filter>Source Files</Filter>
    </ClCompile>
  </ItemGroup>
  <ItemGroup>
    <CustomBuild Include="ceguiinject.h">
      <Filter>Header Files</Filter>
    </CustomBuild>
    <CustomBuild Include="ceguiinject.ui">
      <Filter>Form Files</Filter>
    </CustomBuild>
    <CustomBuild Include="ceguiinject.qrc">
      <Filter>Resource Files</Filter>
    </CustomBuild>
    <CustomBuild Include="cqvip.h">
      <Filter>Header Files</Filter>
    </CustomBuild>
    <CustomBuild Include="cqvip.ui">
      <Filter>Form Files</Filter>
    </CustomBuild>
  </ItemGroup>
  <ItemGroup>
    <ClInclude Include="GeneratedFiles\ui_ceguiinject.h">
      <Filter>Generated Files</Filter>
    </ClInclude>
    <ClInclude Include="forcelib\ForceLib.h">
      <Filter>Source Files\forcelib</Filter>
    </ClInclude>
    <ClInclude Include="forcelib\TH32.h">
      <Filter>Source Files\forcelib</Filter>
    </ClInclude>
    <ClInclude Include="My_Ini.h">
      <Filter>INI</Filter>
    </ClInclude>
    <ClInclude Include="GeneratedFiles\ui_cqvip.h">
      <Filter>Generated Files</Filter>
    </ClInclude>
    <ClInclude Include="ksreglib.h">
      <Filter>Header Files</Filter>
    </ClInclude>
  </ItemGroup>
  <ItemGroup>
    <ResourceCompile Include="CeguiInject.rc" />
  </ItemGroup>
</Project>